{
    "version": 3,
    "terraform_version": "0.11.2",
    "serial": 26,
    "lineage": "baab1dfe-7a7c-412c-9f1e-b5b0083c8061",
    "modules": [
        {
            "path": [
                "root"
            ],
            "outputs": {
                "al-ip": {
                    "sensitive": false,
                    "type": "string",
                    "value": "10.0.100.220"
                },
                "ip": {
                    "sensitive": false,
                    "type": "string",
                    "value": "10.0.100.132"
                }
            },
            "resources": {
                "libvirt_domain.domain-al-qcow2": {
                    "type": "libvirt_domain",
                    "depends_on": [
                        "libvirt_volume.vol-al-qcow2"
                    ],
                    "primary": {
                        "id": "35c71dc4-0400-4f2b-86f7-cb3f40960d24",
                        "attributes": {
                            "arch": "x86_64",
                            "autostart": "false",
                            "cmdline.#": "0",
                            "disk.#": "1",
                            "disk.0.file": "",
                            "disk.0.scsi": "false",
                            "disk.0.url": "",
                            "disk.0.volume_id": "/home/archy/vm/vol-al-qcow2",
                            "disk.0.wwn": "",
                            "emulator": "/usr/bin/qemu-system-x86_64",
                            "firmware": "",
                            "graphics.#": "1",
                            "graphics.0.autoport": "true",
                            "graphics.0.listen_address": "127.0.0.1",
                            "graphics.0.listen_type": "address",
                            "graphics.0.type": "spice",
                            "id": "35c71dc4-0400-4f2b-86f7-cb3f40960d24",
                            "initrd": "",
                            "kernel": "",
                            "machine": "ubuntu",
                            "memory": "256",
                            "name": "domain-al-qcow2",
                            "network_interface.#": "1",
                            "network_interface.0.addresses.#": "1",
                            "network_interface.0.addresses.0": "10.0.100.220",
                            "network_interface.0.bridge": "",
                            "network_interface.0.hostname": "",
                            "network_interface.0.mac": "52:54:00:CE:99:36",
                            "network_interface.0.macvtap": "",
                            "network_interface.0.network_id": "82391f95-1f5a-420d-8571-f14068f97ecc",
                            "network_interface.0.network_name": "tf",
                            "network_interface.0.passthrough": "",
                            "network_interface.0.vepa": "",
                            "network_interface.0.wait_for_lease": "true",
                            "nvram.#": "0",
                            "qemu_agent": "false",
                            "running": "true",
                            "vcpu": "1"
                        },
                        "meta": {
                            "e2bfb730-ecaa-11e6-8f88-34363bc7c4c0": {
                                "create": 300000000000
                            }
                        },
                        "tainted": false
                    },
                    "deposed": [],
                    "provider": "provider.libvirt"
                },
                "libvirt_domain.domain-cirros-qcow2": {
                    "type": "libvirt_domain",
                    "depends_on": [
                        "libvirt_volume.vol-cirros-qcow2"
                    ],
                    "primary": {
                        "id": "2f4aebcd-cfcc-417b-8c1f-5dc28f8ac2b4",
                        "attributes": {
                            "arch": "x86_64",
                            "autostart": "false",
                            "cmdline.#": "0",
                            "disk.#": "1",
                            "disk.0.file": "",
                            "disk.0.scsi": "false",
                            "disk.0.url": "",
                            "disk.0.volume_id": "/home/archy/vm/vol-cirros-qcow2",
                            "disk.0.wwn": "",
                            "emulator": "/usr/bin/qemu-system-x86_64",
                            "firmware": "",
                            "graphics.#": "1",
                            "graphics.0.autoport": "true",
                            "graphics.0.listen_address": "127.0.0.1",
                            "graphics.0.listen_type": "address",
                            "graphics.0.type": "spice",
                            "id": "2f4aebcd-cfcc-417b-8c1f-5dc28f8ac2b4",
                            "initrd": "",
                            "kernel": "",
                            "machine": "ubuntu",
                            "memory": "256",
                            "name": "domain-cirros-qcow2",
                            "network_interface.#": "1",
                            "network_interface.0.addresses.#": "1",
                            "network_interface.0.addresses.0": "10.0.100.132",
                            "network_interface.0.bridge": "",
                            "network_interface.0.hostname": "",
                            "network_interface.0.mac": "52:54:00:CA:05:A8",
                            "network_interface.0.macvtap": "",
                            "network_interface.0.network_id": "82391f95-1f5a-420d-8571-f14068f97ecc",
                            "network_interface.0.network_name": "tf",
                            "network_interface.0.passthrough": "",
                            "network_interface.0.vepa": "",
                            "network_interface.0.wait_for_lease": "true",
                            "nvram.#": "0",
                            "qemu_agent": "false",
                            "running": "true",
                            "vcpu": "1"
                        },
                        "meta": {
                            "e2bfb730-ecaa-11e6-8f88-34363bc7c4c0": {
                                "create": 300000000000
                            }
                        },
                        "tainted": false
                    },
                    "deposed": [],
                    "provider": "provider.libvirt"
                },
                "libvirt_network.tf": {
                    "type": "libvirt_network",
                    "depends_on": [],
                    "primary": {
                        "id": "82391f95-1f5a-420d-8571-f14068f97ecc",
                        "attributes": {
                            "addresses.#": "1",
                            "addresses.0": "10.0.100.0/24",
                            "autostart": "false",
                            "bridge": "virbr2",
                            "domain": "tf.local",
                            "id": "82391f95-1f5a-420d-8571-f14068f97ecc",
                            "mode": "nat",
                            "name": "tf"
                        },
                        "meta": {},
                        "tainted": false
                    },
                    "deposed": [],
                    "provider": "provider.libvirt"
                },
                "libvirt_volume.al-qcow2": {
                    "type": "libvirt_volume",
                    "depends_on": [],
                    "primary": {
                        "id": "/home/archy/vm/al-qcow2",
                        "attributes": {
                            "format": "qcow2",
                            "id": "/home/archy/vm/al-qcow2",
                            "name": "al-qcow2",
                            "pool": "vm",
                            "size": "1048576000",
                            "source": "/home/archy/Downloads/img/linux-tinycore-linux-6.4.img"
                        },
                        "meta": {},
                        "tainted": false
                    },
                    "deposed": [],
                    "provider": "provider.libvirt"
                },
                "libvirt_volume.cirros-qcow2": {
                    "type": "libvirt_volume",
                    "depends_on": [],
                    "primary": {
                        "id": "/home/archy/vm/cirros-qcow2",
                        "attributes": {
                            "format": "qcow2",
                            "id": "/home/archy/vm/cirros-qcow2",
                            "name": "cirros-qcow2",
                            "pool": "vm",
                            "size": "46137344",
                            "source": "/home/archy/Downloads/img/cirros-0.4.0-x86_64-disk.img"
                        },
                        "meta": {},
                        "tainted": false
                    },
                    "deposed": [],
                    "provider": "provider.libvirt"
                },
                "libvirt_volume.vol-al-qcow2": {
                    "type": "libvirt_volume",
                    "depends_on": [
                        "libvirt_volume.al-qcow2"
                    ],
                    "primary": {
                        "id": "/home/archy/vm/vol-al-qcow2",
                        "attributes": {
                            "base_volume_id": "/home/archy/vm/al-qcow2",
                            "format": "qcow2",
                            "id": "/home/archy/vm/vol-al-qcow2",
                            "name": "vol-al-qcow2",
                            "pool": "vm",
                            "size": "1048576000"
                        },
                        "meta": {},
                        "tainted": false
                    },
                    "deposed": [],
                    "provider": "provider.libvirt"
                },
                "libvirt_volume.vol-cirros-qcow2": {
                    "type": "libvirt_volume",
                    "depends_on": [
                        "libvirt_volume.cirros-qcow2"
                    ],
                    "primary": {
                        "id": "/home/archy/vm/vol-cirros-qcow2",
                        "attributes": {
                            "base_volume_id": "/home/archy/vm/cirros-qcow2",
                            "format": "qcow2",
                            "id": "/home/archy/vm/vol-cirros-qcow2",
                            "name": "vol-cirros-qcow2",
                            "pool": "vm",
                            "size": "46137344"
                        },
                        "meta": {},
                        "tainted": false
                    },
                    "deposed": [],
                    "provider": "provider.libvirt"
                }
            },
            "depends_on": []
        }
    ]
}
